
Microsoft Visual Studio Solution File, Format Version 12.00
# Visual Studio Version 16
VisualStudioVersion = 16.0.31105.61
MinimumVisualStudioVersion = 10.0.40219.1
Project("{9A19103F-16F7-4668-BE54-9A1E7A4F7556}") = "ValAPI.Net", "ValNuget\ValAPI.Net.csproj", "{9C50B3DF-9589-4789-B318-F88757B23182}"
EndProject
Project("{9A19103F-16F7-4668-BE54-9A1E7A4F7556}") = "ValAPI.NetDemo", "ValNugetDemo\ValAPI.NetDemo.csproj", "{EA82BC57-A9F7-4E07-8FBC-4A85825E7AB0}"
	ProjectSection(ProjectDependencies) = postProject
		{9C50B3DF-9589-4789-B318-F88757B23182} = {9C50B3DF-9589-4789-B318-F88757B23182}
	EndProjectSection
EndProject
Global
	GlobalSection(SolutionConfigurationPlatforms) = preSolution
		Debug|Any CPU = Debug|Any CPU
		Release|Any CPU = Release|Any CPU
	EndGlobalSection
	GlobalSection(ProjectConfigurationPlatforms) = postSolution
		{9C50B3DF-9589-4789-B318-F88757B23182}.Debug|Any CPU.ActiveCfg = Debug|Any CPU
		{9C50B3DF-9589-4789-B318-F88757B23182}.Debug|Any CPU.Build.0 = Debug|Any CPU
		{9C50B3DF-9589-4789-B318-F88757B23182}.Release|Any CPU.ActiveCfg = Release|Any CPU
		{9C50B3DF-9589-4789-B318-F88757B23182}.Release|Any CPU.Build.0 = Release|Any CPU
		{EA82BC57-A9F7-4E07-8FBC-4A85825E7AB0}.Debug|Any CPU.ActiveCfg = Debug|Any CPU
		{EA82BC57-A9F7-4E07-8FBC-4A85825E7AB0}.Debug|Any CPU.Build.0 = Debug|Any CPU
		{EA82BC57-A9F7-4E07-8FBC-4A85825E7AB0}.Release|Any CPU.ActiveCfg = Release|Any CPU
		{EA82BC57-A9F7-4E07-8FBC-4A85825E7AB0}.Release|Any CPU.Build.0 = Release|Any CPU
	EndGlobalSection
	GlobalSection(SolutionProperties) = preSolution
		HideSolutionNode = FALSE
	EndGlobalSection
	GlobalSection(ExtensibilityGlobals) = postSolution
		SolutionGuid = {3E463B6A-CD79-4988-9F14-D9879385D432}
	EndGlobalSection
EndGlobal
